// !$*UTF8*$!
{
	archiveVersion = 1;
	classes = {
	};
	objectVersion = 55;
	objects = {

/* Begin PBXBuildFile section */
		75D4881F27E7055B00EC59A2 /* AppDelegate.swift in Sources */ = {isa = PBXBuildFile; fileRef = 75D4881E27E7055B00EC59A2 /* AppDelegate.swift */; };
		75D4882127E7055B00EC59A2 /* SceneDelegate.swift in Sources */ = {isa = PBXBuildFile; fileRef = 75D4882027E7055B00EC59A2 /* SceneDelegate.swift */; };
		75D4882327E7055B00EC59A2 /* ViewController.swift in Sources */ = {isa = PBXBuildFile; fileRef = 75D4882227E7055B00EC59A2 /* ViewController.swift */; };
		75D4882627E7055B00EC59A2 /* Main.storyboard in Resources */ = {isa = PBXBuildFile; fileRef = 75D4882427E7055B00EC59A2 /* Main.storyboard */; };
		75D4882827E7055C00EC59A2 /* Assets.xcassets in Resources */ = {isa = PBXBuildFile; fileRef = 75D4882727E7055C00EC59A2 /* Assets.xcassets */; };
		75D4882B27E7055C00EC59A2 /* LaunchScreen.storyboard in Resources */ = {isa = PBXBuildFile; fileRef = 75D4882927E7055C00EC59A2 /* LaunchScreen.storyboard */; };
		75D4883627E7055C00EC59A2 /* DocScannerTests.swift in Sources */ = {isa = PBXBuildFile; fileRef = 75D4883527E7055C00EC59A2 /* DocScannerTests.swift */; };
		75D4884027E7055C00EC59A2 /* DocScannerUITests.swift in Sources */ = {isa = PBXBuildFile; fileRef = 75D4883F27E7055C00EC59A2 /* DocScannerUITests.swift */; };
		75D4884227E7055C00EC59A2 /* DocScannerUITestsLaunchTests.swift in Sources */ = {isa = PBXBuildFile; fileRef = 75D4884127E7055C00EC59A2 /* DocScannerUITestsLaunchTests.swift */; };
		75D4885127E7082C00EC59A2 /* CellDocument.swift in Sources */ = {isa = PBXBuildFile; fileRef = 75D4884F27E7082C00EC59A2 /* CellDocument.swift */; };
		75D4885227E7082C00EC59A2 /* CellDocument.xib in Resources */ = {isa = PBXBuildFile; fileRef = 75D4885027E7082C00EC59A2 /* CellDocument.xib */; };
/* End PBXBuildFile section */

/* Begin PBXContainerItemProxy section */
		75D4883227E7055C00EC59A2 /* PBXContainerItemProxy */ = {
			isa = PBXContainerItemProxy;
			containerPortal = 75D4881327E7055B00EC59A2 /* Project object */;
			proxyType = 1;
			remoteGlobalIDString = 75D4881A27E7055B00EC59A2;
			remoteInfo = DocScanner;
		};
		75D4883C27E7055C00EC59A2 /* PBXContainerItemProxy */ = {
			isa = PBXContainerItemProxy;
			containerPortal = 75D4881327E7055B00EC59A2 /* Project object */;
			proxyType = 1;
			remoteGlobalIDString = 75D4881A27E7055B00EC59A2;
			remoteInfo = DocScanner;
		};
/* End PBXContainerItemProxy section */

/* Begin PBXFileReference section */
		75D4881B27E7055B00EC59A2 /* DocScanner.app */ = {isa = PBXFileReference; explicitFileType = wrapper.application; includeInIndex = 0; path = DocScanner.app; sourceTree = BUILT_PRODUCTS_DIR; };
		75D4881E27E7055B00EC59A2 /* AppDelegate.swift */ = {isa = PBXFileReference; lastKnownFileType = sourcecode.swift; path = AppDelegate.swift; sourceTree = "<group>"; };
		75D4882027E7055B00EC59A2 /* SceneDelegate.swift */ = {isa = PBXFileReference; lastKnownFileType = sourcecode.swift; path = SceneDelegate.swift; sourceTree = "<group>"; };
		75D4882227E7055B00EC59A2 /* ViewController.swift */ = {isa = PBXFileReference; lastKnownFileType = sourcecode.swift; path = ViewController.swift; sourceTree = "<group>"; };
		75D4882527E7055B00EC59A2 /* Base */ = {isa = PBXFileReference; lastKnownFileType = file.storyboard; name = Base; path = Base.lproj/Main.storyboard; sourceTree = "<group>"; };
		75D4882727E7055C00EC59A2 /* Assets.xcassets */ = {isa = PBXFileReference; lastKnownFileType = folder.assetcatalog; path = Assets.xcassets; sourceTree = "<group>"; };
		75D4882A27E7055C00EC59A2 /* Base */ = {isa = PBXFileReference; lastKnownFileType = file.storyboard; name = Base; path = Base.lproj/LaunchScreen.storyboard; sourceTree = "<group>"; };
		75D4882C27E7055C00EC59A2 /* Info.plist */ = {isa = PBXFileReference; lastKnownFileType = text.plist.xml; path = Info.plist; sourceTree = "<group>"; };
		75D4883127E7055C00EC59A2 /* DocScannerTests.xctest */ = {isa = PBXFileReference; explicitFileType = wrapper.cfbundle; includeInIndex = 0; path = DocScannerTests.xctest; sourceTree = BUILT_PRODUCTS_DIR; };
		75D4883527E7055C00EC59A2 /* DocScannerTests.swift */ = {isa = PBXFileReference; lastKnownFileType = sourcecode.swift; path = DocScannerTests.swift; sourceTree = "<group>"; };
		75D4883B27E7055C00EC59A2 /* DocScannerUITests.xctest */ = {isa = PBXFileReference; explicitFileType = wrapper.cfbundle; includeInIndex = 0; path = DocScannerUITests.xctest; sourceTree = BUILT_PRODUCTS_DIR; };
		75D4883F27E7055C00EC59A2 /* DocScannerUITests.swift */ = {isa = PBXFileReference; lastKnownFileType = sourcecode.swift; path = DocScannerUITests.swift; sourceTree = "<group>"; };
		75D4884127E7055C00EC59A2 /* DocScannerUITestsLaunchTests.swift */ = {isa = PBXFileReference; lastKnownFileType = sourcecode.swift; path = DocScannerUITestsLaunchTests.swift; sourceTree = "<group>"; };
		75D4884F27E7082C00EC59A2 /* CellDocument.swift */ = {isa = PBXFileReference; lastKnownFileType = sourcecode.swift; path = CellDocument.swift; sourceTree = "<group>"; };
		75D4885027E7082C00EC59A2 /* CellDocument.xib */ = {isa = PBXFileReference; lastKnownFileType = file.xib; path = CellDocument.xib; sourceTree = "<group>"; };
/* End PBXFileReference section */

/* Begin PBXFrameworksBuildPhase section */
		75D4881827E7055B00EC59A2 /* Frameworks */ = {
			isa = PBXFrameworksBuildPhase;
			buildActionMask = 2147483647;
			files = (
			);
			runOnlyForDeploymentPostprocessing = 0;
		};
		75D4882E27E7055C00EC59A2 /* Frameworks */ = {
			isa = PBXFrameworksBuildPhase;
			buildActionMask = 2147483647;
			files = (
			);
			runOnlyForDeploymentPostprocessing = 0;
		};
		75D4883827E7055C00EC59A2 /* Frameworks */ = {
			isa = PBXFrameworksBuildPhase;
			buildActionMask = 2147483647;
			files = (
			);
			runOnlyForDeploymentPostprocessing = 0;
		};
/* End PBXFrameworksBuildPhase section */

/* Begin PBXGroup section */
		75D4881227E7055B00EC59A2 = {
			isa = PBXGroup;
			children = (
				75D4881D27E7055B00EC59A2 /* DocScanner */,
				75D4883427E7055C00EC59A2 /* DocScannerTests */,
				75D4883E27E7055C00EC59A2 /* DocScannerUITests */,
				75D4881C27E7055B00EC59A2 /* Products */,
			);
			sourceTree = "<group>";
		};
		75D4881C27E7055B00EC59A2 /* Products */ = {
			isa = PBXGroup;
			children = (
				75D4881B27E7055B00EC59A2 /* DocScanner.app */,
				75D4883127E7055C00EC59A2 /* DocScannerTests.xctest */,
				75D4883B27E7055C00EC59A2 /* DocScannerUITests.xctest */,
			);
			name = Products;
			sourceTree = "<group>";
		};
		75D4881D27E7055B00EC59A2 /* DocScanner */ = {
			isa = PBXGroup;
			children = (
				75D4884E27E706E200EC59A2 /* collectionCell */,
				75D4881E27E7055B00EC59A2 /* AppDelegate.swift */,
				75D4882027E7055B00EC59A2 /* SceneDelegate.swift */,
				75D4882227E7055B00EC59A2 /* ViewController.swift */,
				75D4882427E7055B00EC59A2 /* Main.storyboard */,
				75D4882727E7055C00EC59A2 /* Assets.xcassets */,
				75D4882927E7055C00EC59A2 /* LaunchScreen.storyboard */,
				75D4882C27E7055C00EC59A2 /* Info.plist */,
			);
			path = DocScanner;
			sourceTree = "<group>";
		};
		75D4883427E7055C00EC59A2 /* DocScannerTests */ = {
			isa = PBXGroup;
			children = (
				75D4883527E7055C00EC59A2 /* DocScannerTests.swift */,
			);
			path = DocScannerTests;
			sourceTree = "<group>";
		};
		75D4883E27E7055C00EC59A2 /* DocScannerUITests */ = {
			isa = PBXGroup;
			children = (
				75D4883F27E7055C00EC59A2 /* DocScannerUITests.swift */,
				75D4884127E7055C00EC59A2 /* DocScannerUITestsLaunchTests.swift */,
			);
			path = DocScannerUITests;
			sourceTree = "<group>";
		};
		75D4884E27E706E200EC59A2 /* collectionCell */ = {
			isa = PBXGroup;
			children = (
				75D4884F27E7082C00EC59A2 /* CellDocument.swift */,
				75D4885027E7082C00EC59A2 /* CellDocument.xib */,
			);
			path = collectionCell;
			sourceTree = "<group>";
		};
/* End PBXGroup section */

/* Begin PBXNativeTarget section */
		75D4881A27E7055B00EC59A2 /* DocScanner */ = {
			isa = PBXNativeTarget;
			buildConfigurationList = 75D4884527E7055C00EC59A2 /* Build configuration list for PBXNativeTarget "DocScanner" */;
			buildPhases = (
				75D4881727E7055B00EC59A2 /* Sources */,
				75D4881827E7055B00EC59A2 /* Frameworks */,
				75D4881927E7055B00EC59A2 /* Resources */,
			);
			buildRules = (
			);
			dependencies = (
			);
			name = DocScanner;
			productName = DocScanner;
			productReference = 75D4881B27E7055B00EC59A2 /* DocScanner.app */;
			productType = "com.apple.product-type.application";
		};
		75D4883027E7055C00EC59A2 /* DocScannerTests */ = {
			isa = PBXNativeTarget;
			buildConfigurationList = 75D4884827E7055C00EC59A2 /* Build configuration list for PBXNativeTarget "DocScannerTests" */;
			buildPhases = (
				75D4882D27E7055C00EC59A2 /* Sources */,
				75D4882E27E7055C00EC59A2 /* Frameworks */,
				75D4882F27E7055C00EC59A2 /* Resources */,
			);
			buildRules = (
			);
			dependencies = (
				75D4883327E7055C00EC59A2 /* PBXTargetDependency */,
			);
			name = DocScannerTests;
			productName = DocScannerTests;
			productReference = 75D4883127E7055C00EC59A2 /* DocScannerTests.xctest */;
			productType = "com.apple.product-type.bundle.unit-test";
		};
		75D4883A27E7055C00EC59A2 /* DocScannerUITests */ = {
			isa = PBXNativeTarget;
			buildConfigurationList = 75D4884B27E7055C00EC59A2 /* Build configuration list for PBXNativeTarget "DocScannerUITests" */;
			buildPhases = (
				75D4883727E7055C00EC59A2 /* Sources */,
				75D4883827E7055C00EC59A2 /* Frameworks */,
				75D4883927E7055C00EC59A2 /* Resources */,
			);
			buildRules = (
			);
			dependencies = (
				75D4883D27E7055C00EC59A2 /* PBXTargetDependency */,
			);
			name = DocScannerUITests;
			productName = DocScannerUITests;
			productReference = 75D4883B27E7055C00EC59A2 /* DocScannerUITests.xctest */;
			productType = "com.apple.product-type.bundle.ui-testing";
		};
/* End PBXNativeTarget section */

/* Begin PBXProject section */
		75D4881327E7055B00EC59A2 /* Project object */ = {
			isa = PBXProject;
			attributes = {
				BuildIndependentTargetsInParallel = 1;
				LastSwiftUpdateCheck = 1320;
				LastUpgradeCheck = 1320;
				TargetAttributes = {
					75D4881A27E7055B00EC59A2 = {
						CreatedOnToolsVersion = 13.2.1;
					};
					75D4883027E7055C00EC59A2 = {
						CreatedOnToolsVersion = 13.2.1;
						TestTargetID = 75D4881A27E7055B00EC59A2;
					};
					75D4883A27E7055C00EC59A2 = {
						CreatedOnToolsVersion = 13.2.1;
						TestTargetID = 75D4881A27E7055B00EC59A2;
					};
				};
			};
			buildConfigurationList = 75D4881627E7055B00EC59A2 /* Build configuration list for PBXProject "DocScanner" */;
			compatibilityVersion = "Xcode 13.0";
			developmentRegion = en;
			hasScannedForEncodings = 0;
			knownRegions = (
				en,
				Base,
			);
			mainGroup = 75D4881227E7055B00EC59A2;
			productRefGroup = 75D4881C27E7055B00EC59A2 /* Products */;
			projectDirPath = "";
			projectRoot = "";
			targets = (
				75D4881A27E7055B00EC59A2 /* DocScanner */,
				75D4883027E7055C00EC59A2 /* DocScannerTests */,
				75D4883A27E7055C00EC59A2 /* DocScannerUITests */,
			);
		};
/* End PBXProject section */

/* Begin PBXResourcesBuildPhase section */
		75D4881927E7055B00EC59A2 /* Resources */ = {
			isa = PBXResourcesBuildPhase;
			buildActionMask = 2147483647;
			files = (
				75D4885227E7082C00EC59A2 /* CellDocument.xib in Resources */,
				75D4882B27E7055C00EC59A2 /* LaunchScreen.storyboard in Resources */,
				75D4882827E7055C00EC59A2 /* Assets.xcassets in Resources */,
				75D4882627E7055B00EC59A2 /* Main.storyboard in Resources */,
			);
			runOnlyForDeploymentPostprocessing = 0;
		};
		75D4882F27E7055C00EC59A2 /* Resources */ = {
			isa = PBXResourcesBuildPhase;
			buildActionMask = 2147483647;
			files = (
			);
			runOnlyForDeploymentPostprocessing = 0;
		};
		75D4883927E7055C00EC59A2 /* Resources */ = {
			isa = PBXResourcesBuildPhase;
			buildActionMask = 2147483647;
			files = (
			);
			runOnlyForDeploymentPostprocessing = 0;
		};
/* End PBXResourcesBuildPhase section */

/* Begin PBXSourcesBuildPhase section */
		75D4881727E7055B00EC59A2 /* Sources */ = {
			isa = PBXSourcesBuildPhase;
			buildActionMask = 2147483647;
			files = (
				75D4885127E7082C00EC59A2 /* CellDocument.swift in Sources */,
				75D4882327E7055B00EC59A2 /* ViewController.swift in Sources */,
				75D4881F27E7055B00EC59A2 /* AppDelegate.swift in Sources */,
				75D4882127E7055B00EC59A2 /* SceneDelegate.swift in Sources */,
			);
			runOnlyForDeploymentPostprocessing = 0;
		};
		75D4882D27E7055C00EC59A2 /* Sources */ = {
			isa = PBXSourcesBuildPhase;
			buildActionMask = 2147483647;
			files = (
				75D4883627E7055C00EC59A2 /* DocScannerTests.swift in Sources */,
			);
			runOnlyForDeploymentPostprocessing = 0;
		};
		75D4883727E7055C00EC59A2 /* Sources */ = {
			isa = PBXSourcesBuildPhase;
			buildActionMask = 2147483647;
			files = (
				75D4884227E7055C00EC59A2 /* DocScannerUITestsLaunchTests.swift in Sources */,
				75D4884027E7055C00EC59A2 /* DocScannerUITests.swift in Sources */,
			);
			runOnlyForDeploymentPostprocessing = 0;
		};
/* End PBXSourcesBuildPhase section */

/* Begin PBXTargetDependency section */
		75D4883327E7055C00EC59A2 /* PBXTargetDependency */ = {
			isa = PBXTargetDependency;
			target = 75D4881A27E7055B00EC59A2 /* DocScanner */;
			targetProxy = 75D4883227E7055C00EC59A2 /* PBXContainerItemProxy */;
		};
		75D4883D27E7055C00EC59A2 /* PBXTargetDependency */ = {
			isa = PBXTargetDependency;
			target = 75D4881A27E7055B00EC59A2 /* DocScanner */;
			targetProxy = 75D4883C27E7055C00EC59A2 /* PBXContainerItemProxy */;
		};
/* End PBXTargetDependency section */

/* Begin PBXVariantGroup section */
		75D4882427E7055B00EC59A2 /* Main.storyboard */ = {
			isa = PBXVariantGroup;
			children = (
				75D4882527E7055B00EC59A2 /* Base */,
			);
			name = Main.storyboard;
			sourceTree = "<group>";
		};
		75D4882927E7055C00EC59A2 /* LaunchScreen.storyboard */ = {
			isa = PBXVariantGroup;
			children = (
				75D4882A27E7055C00EC59A2 /* Base */,
			);
			name = LaunchScreen.storyboard;
			sourceTree = "<group>";
		};
/* End PBXVariantGroup section */

/* Begin XCBuildConfiguration section */
		75D4884327E7055C00EC59A2 /* Debug */ = {
			isa = XCBuildConfiguration;
			buildSettings = {
				ALWAYS_SEARCH_USER_PATHS = NO;
				CLANG_ANALYZER_NONNULL = YES;
				CLANG_ANALYZER_NUMBER_OBJECT_CONVERSION = YES_AGGRESSIVE;
				CLANG_CXX_LANGUAGE_STANDARD = "gnu++17";
				CLANG_CXX_LIBRARY = "libc++";
				CLANG_ENABLE_MODULES = YES;
				CLANG_ENABLE_OBJC_ARC = YES;
				CLANG_ENABLE_OBJC_WEAK = YES;
				CLANG_WARN_BLOCK_CAPTURE_AUTORELEASING = YES;
				CLANG_WARN_BOOL_CONVERSION = YES;
				CLANG_WARN_COMMA = YES;
				CLANG_WARN_CONSTANT_CONVERSION = YES;
				CLANG_WARN_DEPRECATED_OBJC_IMPLEMENTATIONS = YES;
				CLANG_WARN_DIRECT_OBJC_ISA_USAGE = YES_ERROR;
				CLANG_WARN_DOCUMENTATION_COMMENTS = YES;
				CLANG_WARN_EMPTY_BODY = YES;
				CLANG_WARN_ENUM_CONVERSION = YES;
				CLANG_WARN_INFINITE_RECURSION = YES;
				CLANG_WARN_INT_CONVERSION = YES;
				CLANG_WARN_NON_LITERAL_NULL_CONVERSION = YES;
				CLANG_WARN_OBJC_IMPLICIT_RETAIN_SELF = YES;
				CLANG_WARN_OBJC_LITERAL_CONVERSION = YES;
				CLANG_WARN_OBJC_ROOT_CLASS = YES_ERROR;
				CLANG_WARN_QUOTED_INCLUDE_IN_FRAMEWORK_HEADER = YES;
				CLANG_WARN_RANGE_LOOP_ANALYSIS = YES;
				CLANG_WARN_STRICT_PROTOTYPES = YES;
				CLANG_WARN_SUSPICIOUS_MOVE = YES;
				CLANG_WARN_UNGUARDED_AVAILABILITY = YES_AGGRESSIVE;
				CLANG_WARN_UNREACHABLE_CODE = YES;
				CLANG_WARN__DUPLICATE_METHOD_MATCH = YES;
				COPY_PHASE_STRIP = NO;
				DEBUG_INFORMATION_FORMAT = dwarf;
				ENABLE_STRICT_OBJC_MSGSEND = YES;
				ENABLE_TESTABILITY = YES;
				GCC_C_LANGUAGE_STANDARD = gnu11;
				GCC_DYNAMIC_NO_PIC = NO;
				GCC_NO_COMMON_BLOCKS = YES;
				GCC_OPTIMIZATION_LEVEL = 0;
				GCC_PREPROCESSOR_DEFINITIONS = (
					"DEBUG=1",
					"$(inherited)",
				);
				GCC_WARN_64_TO_32_BIT_CONVERSION = YES;
				GCC_WARN_ABOUT_RETURN_TYPE = YES_ERROR;
				GCC_WARN_UNDECLARED_SELECTOR = YES;
				GCC_WARN_UNINITIALIZED_AUTOS = YES_AGGRESSIVE;
				GCC_WARN_UNUSED_FUNCTION = YES;
				GCC_WARN_UNUSED_VARIABLE = YES;
				IPHONEOS_DEPLOYMENT_TARGET = 15.2;
				MTL_ENABLE_DEBUG_INFO = INCLUDE_SOURCE;
				MTL_FAST_MATH = YES;
				ONLY_ACTIVE_ARCH = YES;
				SDKROOT = iphoneos;
				SWIFT_ACTIVE_COMPILATION_CONDITIONS = DEBUG;
				SWIFT_OPTIMIZATION_LEVEL = "-Onone";
			};
			name = Debug;
		};
		75D4884427E7055C00EC59A2 /* Release */ = {
			isa = XCBuildConfiguration;
			buildSettings = {
				ALWAYS_SEARCH_USER_PATHS = NO;
				CLANG_ANALYZER_NONNULL = YES;
				CLANG_ANALYZER_NUMBER_OBJECT_CONVERSION = YES_AGGRESSIVE;
				CLANG_CXX_LANGUAGE_STANDARD = "gnu++17";
				CLANG_CXX_LIBRARY = "libc++";
				CLANG_ENABLE_MODULES = YES;
				CLANG_ENABLE_OBJC_ARC = YES;
				CLANG_ENABLE_OBJC_WEAK = YES;
				CLANG_WARN_BLOCK_CAPTURE_AUTORELEASING = YES;
				CLANG_WARN_BOOL_CONVERSION = YES;
				CLANG_WARN_COMMA = YES;
				CLANG_WARN_CONSTANT_CONVERSION = YES;
				CLANG_WARN_DEPRECATED_OBJC_IMPLEMENTATIONS = YES;
				CLANG_WARN_DIRECT_OBJC_ISA_USAGE = YES_ERROR;
				CLANG_WARN_DOCUMENTATION_COMMENTS = YES;
				CLANG_WARN_EMPTY_BODY = YES;
				CLANG_WARN_ENUM_CONVERSION = YES;
				CLANG_WARN_INFINITE_RECURSION = YES;
				CLANG_WARN_INT_CONVERSION = YES;
				CLANG_WARN_NON_LITERAL_NULL_CONVERSION = YES;
				CLANG_WARN_OBJC_IMPLICIT_RETAIN_SELF = YES;
				CLANG_WARN_OBJC_LITERAL_CONVERSION = YES;
				CLANG_WARN_OBJC_ROOT_CLASS = YES_ERROR;
				CLANG_WARN_QUOTED_INCLUDE_IN_FRAMEWORK_HEADER = YES;
				CLANG_WARN_RANGE_LOOP_ANALYSIS = YES;
				CLANG_WARN_STRICT_PROTOTYPES = YES;
				CLANG_WARN_SUSPICIOUS_MOVE = YES;
				CLANG_WARN_UNGUARDED_AVAILABILITY = YES_AGGRESSIVE;
				CLANG_WARN_UNREACHABLE_CODE = YES;
				CLANG_WARN__DUPLICATE_METHOD_MATCH = YES;
				COPY_PHASE_STRIP = NO;
				DEBUG_INFORMATION_FORMAT = "dwarf-with-dsym";
				ENABLE_NS_ASSERTIONS = NO;
				ENABLE_STRICT_OBJC_MSGSEND = YES;
				GCC_C_LANGUAGE_STANDARD = gnu11;
				GCC_NO_COMMON_BLOCKS = YES;
				GCC_WARN_64_TO_32_BIT_CONVERSION = YES;
				GCC_WARN_ABOUT_RETURN_TYPE = YES_ERROR;
				GCC_WARN_UNDECLARED_SELECTOR = YES;
				GCC_WARN_UNINITIALIZED_AUTOS = YES_AGGRESSIVE;
				GCC_WARN_UNUSED_FUNCTION = YES;
				GCC_WARN_UNUSED_VARIABLE = YES;
				IPHONEOS_DEPLOYMENT_TARGET = 15.2;
				MTL_ENABLE_DEBUG_INFO = NO;
				MTL_FAST_MATH = YES;
				SDKROOT = iphoneos;
				SWIFT_COMPILATION_MODE = wholemodule;
				SWIFT_OPTIMIZATION_LEVEL = "-O";
				VALIDATE_PRODUCT = YES;
			};
			name = Release;
		};
		75D4884627E7055C00EC59A2 /* Debug */ = {
			isa = XCBuildConfiguration;
			buildSettings = {
				ASSETCATALOG_COMPILER_APPICON_NAME = AppIcon;
				ASSETCATALOG_COMPILER_GLOBAL_ACCENT_COLOR_NAME = AccentColor;
				CODE_SIGN_STYLE = Automatic;
				CURRENT_PROJECT_VERSION = 1;
				DEVELOPMENT_TEAM = 99QMU97Y3T;
				GENERATE_INFOPLIST_FILE = YES;
				INFOPLIST_FILE = DocScanner/Info.plist;
				INFOPLIST_KEY_UIApplicationSupportsIndirectInputEvents = YES;
				INFOPLIST_KEY_UILaunchStoryboardName = LaunchScreen;
				INFOPLIST_KEY_UIMainStoryboardFile = Main;
				INFOPLIST_KEY_UISupportedInterfaceOrientations_iPad = "UIInterfaceOrientationPortrait UIInterfaceOrientationPortraitUpsideDown UIInterfaceOrientationLandscapeLeft UIInterfaceOrientationLandscapeRight";
				INFOPLIST_KEY_UISupportedInterfaceOrientations_iPhone = "UIInterfaceOrientationPortrait UIInterfaceOrientationLandscapeLeft UIInterfaceOrientationLandscapeRight";
				LD_RUNPATH_SEARCH_PATHS = (
					"$(inherited)",
					"@executable_path/Frameworks",
				);
				MARKETING_VERSION = 1.0;
				PRODUCT_BUNDLE_IDENTIFIER = com.new.DocScanner;
				PRODUCT_NAME = "$(TARGET_NAME)";
				SWIFT_EMIT_LOC_STRINGS = YES;
				SWIFT_VERSION = 5.0;
				TARGETED_DEVICE_FAMILY = "1,2";
			};
			name = Debug;
		};
		75D4884727E7055C00EC59A2 /* Release */ = {
			isa = XCBuildConfiguration;
			buildSettings = {
				ASSETCATALOG_COMPILER_APPICON_NAME = AppIcon;
				ASSETCATALOG_COMPILER_GLOBAL_ACCENT_COLOR_NAME = AccentColor;
				CODE_SIGN_STYLE = Automatic;
				CURRENT_PROJECT_VERSION = 1;
				DEVELOPMENT_TEAM = 99QMU97Y3T;
				GENERATE_INFOPLIST_FILE = YES;
				INFOPLIST_FILE = DocScanner/Info.plist;
				INFOPLIST_KEY_UIApplicationSupportsIndirectInputEvents = YES;
				INFOPLIST_KEY_UILaunchStoryboardName = LaunchScreen;
				INFOPLIST_KEY_UIMainStoryboardFile = Main;
				INFOPLIST_KEY_UISupportedInterfaceOrientations_iPad = "UIInterfaceOrientationPortrait UIInterfaceOrientationPortraitUpsideDown UIInterfaceOrientationLandscapeLeft UIInterfaceOrientationLandscapeRight";
				INFOPLIST_KEY_UISupportedInterfaceOrientations_iPhone = "UIInterfaceOrientationPortrait UIInterfaceOrientationLandscapeLeft UIInterfaceOrientationLandscapeRight";
				LD_RUNPATH_SEARCH_PATHS = (
					"$(inherited)",
					"@executable_path/Frameworks",
				);
				MARKETING_VERSION = 1.0;
				PRODUCT_BUNDLE_IDENTIFIER = com.new.DocScanner;
				PRODUCT_NAME = "$(TARGET_NAME)";
				SWIFT_EMIT_LOC_STRINGS = YES;
				SWIFT_VERSION = 5.0;
				TARGETED_DEVICE_FAMILY = "1,2";
			};
			name = Release;
		};
		75D4884927E7055C00EC59A2 /* Debug */ = {
			isa = XCBuildConfiguration;
			buildSettings = {
				ALWAYS_EMBED_SWIFT_STANDARD_LIBRARIES = YES;
				BUNDLE_LOADER = "$(TEST_HOST)";
				CODE_SIGN_STYLE = Automatic;
				CURRENT_PROJECT_VERSION = 1;
				DEVELOPMENT_TEAM = 99QMU97Y3T;
				GENERATE_INFOPLIST_FILE = YES;
				IPHONEOS_DEPLOYMENT_TARGET = 15.2;
				MARKETING_VERSION = 1.0;
				PRODUCT_BUNDLE_IDENTIFIER = com.new.DocScannerTests;
				PRODUCT_NAME = "$(TARGET_NAME)";
				SWIFT_EMIT_LOC_STRINGS = NO;
				SWIFT_VERSION = 5.0;
				TARGETED_DEVICE_FAMILY = "1,2";
				TEST_HOST = "$(BUILT_PRODUCTS_DIR)/DocScanner.app/DocScanner";
			};
			name = Debug;
		};
		75D4884A27E7055C00EC59A2 /* Release */ = {
			isa = XCBuildConfiguration;
			buildSettings = {
				ALWAYS_EMBED_SWIFT_STANDARD_LIBRARIES = YES;
				BUNDLE_LOADER = "$(TEST_HOST)";
				CODE_SIGN_STYLE = Automatic;
				CURRENT_PROJECT_VERSION = 1;
				DEVELOPMENT_TEAM = 99QMU97Y3T;
				GENERATE_INFOPLIST_FILE = YES;
				IPHONEOS_DEPLOYMENT_TARGET = 15.2;
				MARKETING_VERSION = 1.0;
				PRODUCT_BUNDLE_IDENTIFIER = com.new.DocScannerTests;
				PRODUCT_NAME = "$(TARGET_NAME)";
				SWIFT_EMIT_LOC_STRINGS = NO;
				SWIFT_VERSION = 5.0;
				TARGETED_DEVICE_FAMILY = "1,2";
				TEST_HOST = "$(BUILT_PRODUCTS_DIR)/DocScanner.app/DocScanner";
			};
			name = Release;
		};
		75D4884C27E7055C00EC59A2 /* Debug */ = {
			isa = XCBuildConfiguration;
			buildSettings = {
				ALWAYS_EMBED_SWIFT_STANDARD_LIBRARIES = YES;
				CODE_SIGN_STYLE = Automatic;
				CURRENT_PROJECT_VERSION = 1;
				DEVELOPMENT_TEAM = 99QMU97Y3T;
				GENERATE_INFOPLIST_FILE = YES;
				MARKETING_VERSION = 1.0;
				PRODUCT_BUNDLE_IDENTIFIER = com.new.DocScannerUITests;
				PRODUCT_NAME = "$(TARGET_NAME)";
				SWIFT_EMIT_LOC_STRINGS = NO;
				SWIFT_VERSION = 5.0;
				TARGETED_DEVICE_FAMILY = "1,2";
				TEST_TARGET_NAME = DocScanner;
			};
			name = Debug;
		};
		75D4884D27E7055C00EC59A2 /* Release */ = {
			isa = XCBuildConfiguration;
			buildSettings = {
				ALWAYS_EMBED_SWIFT_STANDARD_LIBRARIES = YES;
				CODE_SIGN_STYLE = Automatic;
				CURRENT_PROJECT_VERSION = 1;
				DEVELOPMENT_TEAM = 99QMU97Y3T;
				GENERATE_INFOPLIST_FILE = YES;
				MARKETING_VERSION = 1.0;
				PRODUCT_BUNDLE_IDENTIFIER = com.new.DocScannerUITests;
				PRODUCT_NAME = "$(TARGET_NAME)";
				SWIFT_EMIT_LOC_STRINGS = NO;
				SWIFT_VERSION = 5.0;
				TARGETED_DEVICE_FAMILY = "1,2";
				TEST_TARGET_NAME = DocScanner;
			};
			name = Release;
		};
/* End XCBuildConfiguration section */

/* Begin XCConfigurationList section */
		75D4881627E7055B00EC59A2 /* Build configuration list for PBXProject "DocScanner" */ = {
			isa = XCConfigurationList;
			buildConfigurations = (
				75D4884327E7055C00EC59A2 /* Debug */,
				75D4884427E7055C00EC59A2 /* Release */,
			);
			defaultConfigurationIsVisible = 0;
			defaultConfigurationName = Release;
		};
		75D4884527E7055C00EC59A2 /* Build configuration list for PBXNativeTarget "DocScanner" */ = {
			isa = XCConfigurationList;
			buildConfigurations = (
				75D4884627E7055C00EC59A2 /* Debug */,
				75D4884727E7055C00EC59A2 /* Release */,
			);
			defaultConfigurationIsVisible = 0;
			defaultConfigurationName = Release;
		};
		75D4884827E7055C00EC59A2 /* Build configuration list for PBXNativeTarget "DocScannerTests" */ = {
			isa = XCConfigurationList;
			buildConfigurations = (
				75D4884927E7055C00EC59A2 /* Debug */,
				75D4884A27E7055C00EC59A2 /* Release */,
			);
			defaultConfigurationIsVisible = 0;
			defaultConfigurationName = Release;
		};
		75D4884B27E7055C00EC59A2 /* Build configuration list for PBXNativeTarget "DocScannerUITests" */ = {
			isa = XCConfigurationList;
			buildConfigurations = (
				75D4884C27E7055C00EC59A2 /* Debug */,
				75D4884D27E7055C00EC59A2 /* Release */,
			);
			defaultConfigurationIsVisible = 0;
			defaultConfigurationName = Release;
		};
/* End XCConfigurationList section */
	};
	rootObject = 75D4881327E7055B00EC59A2 /* Project object */;
}
